
Microsoft Visual Studio Solution File, Format Version 12.00
# Visual Studio Version 16
VisualStudioVersion = 16.0.31911.196
MinimumVisualStudioVersion = 10.0.40219.1
Project("{9A19103F-16F7-4668-BE54-9A1E7A4F7556}") = "Faster.Ioc.Zero.Console", "..\Faster.Ioc.Zero.Console\Faster.Ioc.Zero.Console.csproj", "{5D3BA1F6-65BC-4906-952B-B080E4AA3FD7}"
EndProject
Project("{9A19103F-16F7-4668-BE54-9A1E7A4F7556}") = "Faster.Ioc.Zero.Core", "..\Faster.Ioc.Zero.Core\Faster.Ioc.Zero.Core.csproj", "{B7237E9F-02DA-4D54-A808-794AB9DA7541}"
EndProject
Project("{9A19103F-16F7-4668-BE54-9A1E7A4F7556}") = "Faster.Ioc.Zero.SourceGenerator", "Faster.Ioc.Zero.SourceGenerator.csproj", "{01CFD086-AD99-4A66-ADDD-6B6F5695107E}"
EndProject
Project("{9A19103F-16F7-4668-BE54-9A1E7A4F7556}") = "Faster.Ioc.Zero.Benchmark", "..\Faster.Ioc.Zero.Benchmark\Faster.Ioc.Zero.Benchmark.csproj", "{142C4F85-39A9-4777-900B-8B9833F22B75}"
EndProject
Global
	GlobalSection(SolutionConfigurationPlatforms) = preSolution
		Debug|Any CPU = Debug|Any CPU
		Release|Any CPU = Release|Any CPU
	EndGlobalSection
	GlobalSection(ProjectConfigurationPlatforms) = postSolution
		{5D3BA1F6-65BC-4906-952B-B080E4AA3FD7}.Debug|Any CPU.ActiveCfg = Debug|Any CPU
		{5D3BA1F6-65BC-4906-952B-B080E4AA3FD7}.Debug|Any CPU.Build.0 = Debug|Any CPU
		{5D3BA1F6-65BC-4906-952B-B080E4AA3FD7}.Release|Any CPU.ActiveCfg = Release|Any CPU
		{5D3BA1F6-65BC-4906-952B-B080E4AA3FD7}.Release|Any CPU.Build.0 = Release|Any CPU
		{B7237E9F-02DA-4D54-A808-794AB9DA7541}.Debug|Any CPU.ActiveCfg = Debug|Any CPU
		{B7237E9F-02DA-4D54-A808-794AB9DA7541}.Debug|Any CPU.Build.0 = Debug|Any CPU
		{B7237E9F-02DA-4D54-A808-794AB9DA7541}.Release|Any CPU.ActiveCfg = Release|Any CPU
		{B7237E9F-02DA-4D54-A808-794AB9DA7541}.Release|Any CPU.Build.0 = Release|Any CPU
		{01CFD086-AD99-4A66-ADDD-6B6F5695107E}.Debug|Any CPU.ActiveCfg = Debug|Any CPU
		{01CFD086-AD99-4A66-ADDD-6B6F5695107E}.Debug|Any CPU.Build.0 = Debug|Any CPU
		{01CFD086-AD99-4A66-ADDD-6B6F5695107E}.Release|Any CPU.ActiveCfg = Release|Any CPU
		{01CFD086-AD99-4A66-ADDD-6B6F5695107E}.Release|Any CPU.Build.0 = Release|Any CPU
		{142C4F85-39A9-4777-900B-8B9833F22B75}.Debug|Any CPU.ActiveCfg = Debug|Any CPU
		{142C4F85-39A9-4777-900B-8B9833F22B75}.Debug|Any CPU.Build.0 = Debug|Any CPU
		{142C4F85-39A9-4777-900B-8B9833F22B75}.Release|Any CPU.ActiveCfg = Release|Any CPU
		{142C4F85-39A9-4777-900B-8B9833F22B75}.Release|Any CPU.Build.0 = Release|Any CPU
	EndGlobalSection
	GlobalSection(SolutionProperties) = preSolution
		HideSolutionNode = FALSE
	EndGlobalSection
	GlobalSection(ExtensibilityGlobals) = postSolution
		SolutionGuid = {297066E7-7F41-4594-ACFF-46AF538FF1D0}
	EndGlobalSection
EndGlobal
